
Microsoft Visual Studio Solution File, Format Version 12.00
# Visual Studio Version 16
VisualStudioVersion = 16.0.30114.105
MinimumVisualStudioVersion = 10.0.40219.1
Project("{FAE04EC0-301F-11D3-BF4B-00C04F79EFBC}") = "API", "API\API.csproj", "{D681F85C-E792-432E-9BF9-117ACEA76A5E}"
EndProject
Project("{FAE04EC0-301F-11D3-BF4B-00C04F79EFBC}") = "Core", "Core\Core.csproj", "{1A689E70-322B-4B22-9074-38006D0B4BB5}"
EndProject
Project("{FAE04EC0-301F-11D3-BF4B-00C04F79EFBC}") = "Infrastructure", "Infrastructure\Infrastructure.csproj", "{CC98DC14-625A-486A-96DF-F4B4C1A45D8C}"
EndProject
Global
	GlobalSection(SolutionConfigurationPlatforms) = preSolution
		Debug|Any CPU = Debug|Any CPU
		Release|Any CPU = Release|Any CPU
	EndGlobalSection
	GlobalSection(SolutionProperties) = preSolution
		HideSolutionNode = FALSE
	EndGlobalSection
	GlobalSection(ProjectConfigurationPlatforms) = postSolution
		{D681F85C-E792-432E-9BF9-117ACEA76A5E}.Debug|Any CPU.ActiveCfg = Debug|Any CPU
		{D681F85C-E792-432E-9BF9-117ACEA76A5E}.Debug|Any CPU.Build.0 = Debug|Any CPU
		{D681F85C-E792-432E-9BF9-117ACEA76A5E}.Release|Any CPU.ActiveCfg = Release|Any CPU
		{D681F85C-E792-432E-9BF9-117ACEA76A5E}.Release|Any CPU.Build.0 = Release|Any CPU
		{1A689E70-322B-4B22-9074-38006D0B4BB5}.Debug|Any CPU.ActiveCfg = Debug|Any CPU
		{1A689E70-322B-4B22-9074-38006D0B4BB5}.Debug|Any CPU.Build.0 = Debug|Any CPU
		{1A689E70-322B-4B22-9074-38006D0B4BB5}.Release|Any CPU.ActiveCfg = Release|Any CPU
		{1A689E70-322B-4B22-9074-38006D0B4BB5}.Release|Any CPU.Build.0 = Release|Any CPU
		{CC98DC14-625A-486A-96DF-F4B4C1A45D8C}.Debug|Any CPU.ActiveCfg = Debug|Any CPU
		{CC98DC14-625A-486A-96DF-F4B4C1A45D8C}.Debug|Any CPU.Build.0 = Debug|Any CPU
		{CC98DC14-625A-486A-96DF-F4B4C1A45D8C}.Release|Any CPU.ActiveCfg = Release|Any CPU
		{CC98DC14-625A-486A-96DF-F4B4C1A45D8C}.Release|Any CPU.Build.0 = Release|Any CPU
	EndGlobalSection
EndGlobal
